
Microsoft Visual Studio Solution File, Format Version 12.00
# Visual Studio Version 16
VisualStudioVersion = 16.0.31410.357
MinimumVisualStudioVersion = 10.0.40219.1
Project("{8BC9CEB8-8B4A-11D0-8D11-00A0C91BC942}") = "STL", "STL\STL.vcxproj", "{296E1ECF-49EE-4F34-948A-2FD258E876E8}"
EndProject
Project("{8BC9CEB8-8B4A-11D0-8D11-00A0C91BC942}") = "Exceptions", "Exceptions\Exceptions.vcxproj", "{2DCA067F-F3D9-4341-B934-C630F8CD4617}"
EndProject
Project("{8BC9CEB8-8B4A-11D0-8D11-00A0C91BC942}") = "AssociativeContainers", "AssociativeContainers\AssociativeContainers.vcxproj", "{B25A959E-670F-4763-806A-88FB073DFCF4}"
EndProject
Project("{8BC9CEB8-8B4A-11D0-8D11-00A0C91BC942}") = "Police", "Police\Police.vcxproj", "{7ABE5797-3413-492C-B6D4-E54398524DBC}"
EndProject
Global
	GlobalSection(SolutionConfigurationPlatforms) = preSolution
		Debug|x64 = Debug|x64
		Debug|x86 = Debug|x86
		Release|x64 = Release|x64
		Release|x86 = Release|x86
	EndGlobalSection
	GlobalSection(ProjectConfigurationPlatforms) = postSolution
		{296E1ECF-49EE-4F34-948A-2FD258E876E8}.Debug|x64.ActiveCfg = Debug|x64
		{296E1ECF-49EE-4F34-948A-2FD258E876E8}.Debug|x64.Build.0 = Debug|x64
		{296E1ECF-49EE-4F34-948A-2FD258E876E8}.Debug|x86.ActiveCfg = Debug|Win32
		{296E1ECF-49EE-4F34-948A-2FD258E876E8}.Debug|x86.Build.0 = Debug|Win32
		{296E1ECF-49EE-4F34-948A-2FD258E876E8}.Release|x64.ActiveCfg = Release|x64
		{296E1ECF-49EE-4F34-948A-2FD258E876E8}.Release|x64.Build.0 = Release|x64
		{296E1ECF-49EE-4F34-948A-2FD258E876E8}.Release|x86.ActiveCfg = Release|Win32
		{296E1ECF-49EE-4F34-948A-2FD258E876E8}.Release|x86.Build.0 = Release|Win32
		{2DCA067F-F3D9-4341-B934-C630F8CD4617}.Debug|x64.ActiveCfg = Debug|x64
		{2DCA067F-F3D9-4341-B934-C630F8CD4617}.Debug|x64.Build.0 = Debug|x64
		{2DCA067F-F3D9-4341-B934-C630F8CD4617}.Debug|x86.ActiveCfg = Debug|Win32
		{2DCA067F-F3D9-4341-B934-C630F8CD4617}.Debug|x86.Build.0 = Debug|Win32
		{2DCA067F-F3D9-4341-B934-C630F8CD4617}.Release|x64.ActiveCfg = Release|x64
		{2DCA067F-F3D9-4341-B934-C630F8CD4617}.Release|x64.Build.0 = Release|x64
		{2DCA067F-F3D9-4341-B934-C630F8CD4617}.Release|x86.ActiveCfg = Release|Win32
		{2DCA067F-F3D9-4341-B934-C630F8CD4617}.Release|x86.Build.0 = Release|Win32
		{B25A959E-670F-4763-806A-88FB073DFCF4}.Debug|x64.ActiveCfg = Debug|x64
		{B25A959E-670F-4763-806A-88FB073DFCF4}.Debug|x64.Build.0 = Debug|x64
		{B25A959E-670F-4763-806A-88FB073DFCF4}.Debug|x86.ActiveCfg = Debug|Win32
		{B25A959E-670F-4763-806A-88FB073DFCF4}.Debug|x86.Build.0 = Debug|Win32
		{B25A959E-670F-4763-806A-88FB073DFCF4}.Release|x64.ActiveCfg = Release|x64
		{B25A959E-670F-4763-806A-88FB073DFCF4}.Release|x64.Build.0 = Release|x64
		{B25A959E-670F-4763-806A-88FB073DFCF4}.Release|x86.ActiveCfg = Release|Win32
		{B25A959E-670F-4763-806A-88FB073DFCF4}.Release|x86.Build.0 = Release|Win32
		{7ABE5797-3413-492C-B6D4-E54398524DBC}.Debug|x64.ActiveCfg = Debug|x64
		{7ABE5797-3413-492C-B6D4-E54398524DBC}.Debug|x64.Build.0 = Debug|x64
		{7ABE5797-3413-492C-B6D4-E54398524DBC}.Debug|x86.ActiveCfg = Debug|Win32
		{7ABE5797-3413-492C-B6D4-E54398524DBC}.Debug|x86.Build.0 = Debug|Win32
		{7ABE5797-3413-492C-B6D4-E54398524DBC}.Release|x64.ActiveCfg = Release|x64
		{7ABE5797-3413-492C-B6D4-E54398524DBC}.Release|x64.Build.0 = Release|x64
		{7ABE5797-3413-492C-B6D4-E54398524DBC}.Release|x86.ActiveCfg = Release|Win32
		{7ABE5797-3413-492C-B6D4-E54398524DBC}.Release|x86.Build.0 = Release|Win32
	EndGlobalSection
	GlobalSection(SolutionProperties) = preSolution
		HideSolutionNode = FALSE
	EndGlobalSection
	GlobalSection(ExtensibilityGlobals) = postSolution
		SolutionGuid = {B69CE640-DEC7-4D88-A121-822481049C06}
	EndGlobalSection
EndGlobal
